
Microsoft Visual Studio Solution File, Format Version 12.00
# Visual Studio Version 17
VisualStudioVersion = 17.3.32819.101
MinimumVisualStudioVersion = 10.0.40219.1
Project("{FAE04EC0-301F-11D3-BF4B-00C04F79EFBC}") = "language", "language\language.csproj", "{C24841F7-B7DD-4424-9167-CE49DD404D54}"
EndProject
Global
	GlobalSection(SolutionConfigurationPlatforms) = preSolution
		Debug|Any CPU = Debug|Any CPU
		Release|Any CPU = Release|Any CPU
	EndGlobalSection
	GlobalSection(ProjectConfigurationPlatforms) = postSolution
		{C24841F7-B7DD-4424-9167-CE49DD404D54}.Debug|Any CPU.ActiveCfg = Debug|Any CPU
		{C24841F7-B7DD-4424-9167-CE49DD404D54}.Debug|Any CPU.Build.0 = Debug|Any CPU
		{C24841F7-B7DD-4424-9167-CE49DD404D54}.Release|Any CPU.ActiveCfg = Release|Any CPU
		{C24841F7-B7DD-4424-9167-CE49DD404D54}.Release|Any CPU.Build.0 = Release|Any CPU
	EndGlobalSection
	GlobalSection(SolutionProperties) = preSolution
		HideSolutionNode = FALSE
	EndGlobalSection
	GlobalSection(ExtensibilityGlobals) = postSolution
		SolutionGuid = {EABF02FA-C9F5-4838-B2D6-A9ABA71BB3B8}
	EndGlobalSection
EndGlobal
